
Microsoft Visual Studio Solution File, Format Version 12.00
Project("{FAE04EC0-301F-11D3-BF4B-00C04F79EFBC}") = "GitHubFilesManager", "GitHubFilesManager\GitHubFilesManager.csproj", "{8593A1E9-56BF-49A8-81BD-A649D475997A}"
EndProject
Project("{FAE04EC0-301F-11D3-BF4B-00C04F79EFBC}") = "UnitTests", "UnitTests\UnitTests.csproj", "{CC648C16-D04D-4FF4-BE15-4F06AE7B1E63}"
EndProject
Project("{FAE04EC0-301F-11D3-BF4B-00C04F79EFBC}") = "Abstractions", "Abstractions\Abstractions.csproj", "{133C6ECF-EBD8-412B-B78B-AEFAF2F37234}"
EndProject
Global
	GlobalSection(SolutionConfigurationPlatforms) = preSolution
		Debug|Any CPU = Debug|Any CPU
		Release|Any CPU = Release|Any CPU
	EndGlobalSection
	GlobalSection(ProjectConfigurationPlatforms) = postSolution
		{8593A1E9-56BF-49A8-81BD-A649D475997A}.Debug|Any CPU.ActiveCfg = Debug|Any CPU
		{8593A1E9-56BF-49A8-81BD-A649D475997A}.Debug|Any CPU.Build.0 = Debug|Any CPU
		{8593A1E9-56BF-49A8-81BD-A649D475997A}.Release|Any CPU.ActiveCfg = Release|Any CPU
		{8593A1E9-56BF-49A8-81BD-A649D475997A}.Release|Any CPU.Build.0 = Release|Any CPU
		{CC648C16-D04D-4FF4-BE15-4F06AE7B1E63}.Debug|Any CPU.ActiveCfg = Debug|Any CPU
		{CC648C16-D04D-4FF4-BE15-4F06AE7B1E63}.Debug|Any CPU.Build.0 = Debug|Any CPU
		{CC648C16-D04D-4FF4-BE15-4F06AE7B1E63}.Release|Any CPU.ActiveCfg = Release|Any CPU
		{CC648C16-D04D-4FF4-BE15-4F06AE7B1E63}.Release|Any CPU.Build.0 = Release|Any CPU
		{133C6ECF-EBD8-412B-B78B-AEFAF2F37234}.Debug|Any CPU.ActiveCfg = Debug|Any CPU
		{133C6ECF-EBD8-412B-B78B-AEFAF2F37234}.Debug|Any CPU.Build.0 = Debug|Any CPU
		{133C6ECF-EBD8-412B-B78B-AEFAF2F37234}.Release|Any CPU.ActiveCfg = Release|Any CPU
		{133C6ECF-EBD8-412B-B78B-AEFAF2F37234}.Release|Any CPU.Build.0 = Release|Any CPU
	EndGlobalSection
EndGlobal
